// !$*UTF8*$!
{
	archiveVersion = 1;
	classes = {
	};
	objectVersion = 77;
	objects = {

/* Begin PBXBuildFile section */
		9C5B4F362EC9B72400C7DA95 /* Post.swift in Sources */ = {isa = PBXBuildFile; fileRef = 9C5B4F352EC9B72400C7DA95 /* Post.swift */; };
		9C5B4F382EC9BE3700C7DA95 /* PostGridView.swift in Sources */ = {isa = PBXBuildFile; fileRef = 9C5B4F372EC9BE3700C7DA95 /* PostGridView.swift */; };
		9C5B4F3A2EC9BFB400C7DA95 /* ProfileHeaderView.swift in Sources */ = {isa = PBXBuildFile; fileRef = 9C5B4F392EC9BFB400C7DA95 /* ProfileHeaderView.swift */; };
		9C5B4F3C2EC9C08500C7DA95 /* UploadPostView.swift in Sources */ = {isa = PBXBuildFile; fileRef = 9C5B4F3B2EC9C08500C7DA95 /* UploadPostView.swift */; };
		9C5B4F3E2EC9C5DC00C7DA95 /* UploadPostViewModel.swift in Sources */ = {isa = PBXBuildFile; fileRef = 9C5B4F3D2EC9C5DC00C7DA95 /* UploadPostViewModel.swift */; };
		9C5B4F422EC9D37C00C7DA95 /* AuthService.swift in Sources */ = {isa = PBXBuildFile; fileRef = 9C5B4F412EC9D37C00C7DA95 /* AuthService.swift */; };
		9C5B4F442EC9D54C00C7DA95 /* GoogleService-Info.plist in Resources */ = {isa = PBXBuildFile; fileRef = 9C5B4F432EC9D54C00C7DA95 /* GoogleService-Info.plist */; };
		9C5B4F472EC9D62100C7DA95 /* FirebaseAuth in Frameworks */ = {isa = PBXBuildFile; productRef = 9C5B4F462EC9D62100C7DA95 /* FirebaseAuth */; };
		9C5B4F492EC9D62200C7DA95 /* FirebaseFirestore in Frameworks */ = {isa = PBXBuildFile; productRef = 9C5B4F482EC9D62200C7DA95 /* FirebaseFirestore */; };
		9C5B4F4B2EC9D62200C7DA95 /* FirebaseStorage in Frameworks */ = {isa = PBXBuildFile; productRef = 9C5B4F4A2EC9D62200C7DA95 /* FirebaseStorage */; };
		9C5B4F4D2ECA644200C7DA95 /* AppDelegate.swift in Sources */ = {isa = PBXBuildFile; fileRef = 9C5B4F4C2ECA644200C7DA95 /* AppDelegate.swift */; };
		9C5B4F4F2ECA65FF00C7DA95 /* ContentView.swift in Sources */ = {isa = PBXBuildFile; fileRef = 9C5B4F4E2ECA65FF00C7DA95 /* ContentView.swift */; };
		9C5B4F532ECA661B00C7DA95 /* ContentViewModel.swift in Sources */ = {isa = PBXBuildFile; fileRef = 9C5B4F522ECA661B00C7DA95 /* ContentViewModel.swift */; };
		9C5B4F562ECA695F00C7DA95 /* RegistrationViewModel.swift in Sources */ = {isa = PBXBuildFile; fileRef = 9C5B4F552ECA695F00C7DA95 /* RegistrationViewModel.swift */; };
		9C9AFA9C2ECD9CF500C82507 /* LoginViewModel.swift in Sources */ = {isa = PBXBuildFile; fileRef = 9C9AFA9B2ECD9CF500C82507 /* LoginViewModel.swift */; };
		9CE078D12EC784DD00BECA3E /* TextFieldModifier.swift in Sources */ = {isa = PBXBuildFile; fileRef = 9CE078D02EC784DD00BECA3E /* TextFieldModifier.swift */; };
		9CE078D32EC785AF00BECA3E /* CreateUsernameView.swift in Sources */ = {isa = PBXBuildFile; fileRef = 9CE078D22EC785AF00BECA3E /* CreateUsernameView.swift */; };
		9CE078D52EC787F400BECA3E /* CreatePasswordView.swift in Sources */ = {isa = PBXBuildFile; fileRef = 9CE078D42EC787F400BECA3E /* CreatePasswordView.swift */; };
		9CE078D72EC788BE00BECA3E /* CompleteSignUpView.swift in Sources */ = {isa = PBXBuildFile; fileRef = 9CE078D62EC788BE00BECA3E /* CompleteSignUpView.swift */; };
		9CE078D92EC78A7600BECA3E /* User.swift in Sources */ = {isa = PBXBuildFile; fileRef = 9CE078D82EC78A7600BECA3E /* User.swift */; };
		9CE078DB2EC78EBE00BECA3E /* CurrentUserProfileView.swift in Sources */ = {isa = PBXBuildFile; fileRef = 9CE078DA2EC78EBE00BECA3E /* CurrentUserProfileView.swift */; };
		9CED1BB12EC5CC030028D893 /* InstagramApp.swift in Sources */ = {isa = PBXBuildFile; fileRef = 9CED1BA02EC5CC030028D893 /* InstagramApp.swift */; };
		9CED1BB32EC5CC030028D893 /* Assets.xcassets in Resources */ = {isa = PBXBuildFile; fileRef = 9CED1BA22EC5CC030028D893 /* Assets.xcassets */; };
		9CED1BB72EC5CCE40028D893 /* MainTabView.swift in Sources */ = {isa = PBXBuildFile; fileRef = 9CED1BB62EC5CCE40028D893 /* MainTabView.swift */; };
		9CED1BB92EC5CEF20028D893 /* ProfileView.swift in Sources */ = {isa = PBXBuildFile; fileRef = 9CED1BB82EC5CEF20028D893 /* ProfileView.swift */; };
		9CED1BBC2EC5D4B80028D893 /* UserStatView.swift in Sources */ = {isa = PBXBuildFile; fileRef = 9CED1BBB2EC5D4B80028D893 /* UserStatView.swift */; };
		9CED1BBE2EC5E4220028D893 /* FeedView.swift in Sources */ = {isa = PBXBuildFile; fileRef = 9CED1BBD2EC5E4220028D893 /* FeedView.swift */; };
		9CED1BC02EC5E4300028D893 /* FeedCell.swift in Sources */ = {isa = PBXBuildFile; fileRef = 9CED1BBF2EC5E4300028D893 /* FeedCell.swift */; };
		9CED1BC22EC60B070028D893 /* SearchView.swift in Sources */ = {isa = PBXBuildFile; fileRef = 9CED1BC12EC60B070028D893 /* SearchView.swift */; };
		9CED1BC42EC635EA0028D893 /* LoginView.swift in Sources */ = {isa = PBXBuildFile; fileRef = 9CED1BC32EC635EA0028D893 /* LoginView.swift */; };
		9CED1BC62EC641900028D893 /* AddEmailView.swift in Sources */ = {isa = PBXBuildFile; fileRef = 9CED1BC52EC641900028D893 /* AddEmailView.swift */; };
/* End PBXBuildFile section */

/* Begin PBXFileReference section */
		9C5B4F352EC9B72400C7DA95 /* Post.swift */ = {isa = PBXFileReference; lastKnownFileType = sourcecode.swift; path = Post.swift; sourceTree = "<group>"; };
		9C5B4F372EC9BE3700C7DA95 /* PostGridView.swift */ = {isa = PBXFileReference; lastKnownFileType = sourcecode.swift; path = PostGridView.swift; sourceTree = "<group>"; };
		9C5B4F392EC9BFB400C7DA95 /* ProfileHeaderView.swift */ = {isa = PBXFileReference; lastKnownFileType = sourcecode.swift; path = ProfileHeaderView.swift; sourceTree = "<group>"; };
		9C5B4F3B2EC9C08500C7DA95 /* UploadPostView.swift */ = {isa = PBXFileReference; lastKnownFileType = sourcecode.swift; path = UploadPostView.swift; sourceTree = "<group>"; };
		9C5B4F3D2EC9C5DC00C7DA95 /* UploadPostViewModel.swift */ = {isa = PBXFileReference; lastKnownFileType = sourcecode.swift; path = UploadPostViewModel.swift; sourceTree = "<group>"; };
		9C5B4F412EC9D37C00C7DA95 /* AuthService.swift */ = {isa = PBXFileReference; lastKnownFileType = sourcecode.swift; path = AuthService.swift; sourceTree = "<group>"; };
		9C5B4F432EC9D54C00C7DA95 /* GoogleService-Info.plist */ = {isa = PBXFileReference; lastKnownFileType = text.plist.xml; path = "GoogleService-Info.plist"; sourceTree = "<group>"; };
		9C5B4F4C2ECA644200C7DA95 /* AppDelegate.swift */ = {isa = PBXFileReference; lastKnownFileType = sourcecode.swift; path = AppDelegate.swift; sourceTree = "<group>"; };
		9C5B4F4E2ECA65FF00C7DA95 /* ContentView.swift */ = {isa = PBXFileReference; lastKnownFileType = sourcecode.swift; path = ContentView.swift; sourceTree = "<group>"; };
		9C5B4F522ECA661B00C7DA95 /* ContentViewModel.swift */ = {isa = PBXFileReference; lastKnownFileType = sourcecode.swift; path = ContentViewModel.swift; sourceTree = "<group>"; };
		9C5B4F552ECA695F00C7DA95 /* RegistrationViewModel.swift */ = {isa = PBXFileReference; lastKnownFileType = sourcecode.swift; path = RegistrationViewModel.swift; sourceTree = "<group>"; };
		9C9AFA9B2ECD9CF500C82507 /* LoginViewModel.swift */ = {isa = PBXFileReference; lastKnownFileType = sourcecode.swift; path = LoginViewModel.swift; sourceTree = "<group>"; };
		9CE078D02EC784DD00BECA3E /* TextFieldModifier.swift */ = {isa = PBXFileReference; lastKnownFileType = sourcecode.swift; path = TextFieldModifier.swift; sourceTree = "<group>"; };
		9CE078D22EC785AF00BECA3E /* CreateUsernameView.swift */ = {isa = PBXFileReference; lastKnownFileType = sourcecode.swift; path = CreateUsernameView.swift; sourceTree = "<group>"; };
		9CE078D42EC787F400BECA3E /* CreatePasswordView.swift */ = {isa = PBXFileReference; lastKnownFileType = sourcecode.swift; path = CreatePasswordView.swift; sourceTree = "<group>"; };
		9CE078D62EC788BE00BECA3E /* CompleteSignUpView.swift */ = {isa = PBXFileReference; lastKnownFileType = sourcecode.swift; path = CompleteSignUpView.swift; sourceTree = "<group>"; };
		9CE078D82EC78A7600BECA3E /* User.swift */ = {isa = PBXFileReference; lastKnownFileType = sourcecode.swift; path = User.swift; sourceTree = "<group>"; };
		9CE078DA2EC78EBE00BECA3E /* CurrentUserProfileView.swift */ = {isa = PBXFileReference; lastKnownFileType = sourcecode.swift; path = CurrentUserProfileView.swift; sourceTree = "<group>"; };
		9CED1B792EC5C4AE0028D893 /* Instagram.app */ = {isa = PBXFileReference; explicitFileType = wrapper.application; includeInIndex = 0; path = Instagram.app; sourceTree = BUILT_PRODUCTS_DIR; };
		9CED1BA02EC5CC030028D893 /* InstagramApp.swift */ = {isa = PBXFileReference; lastKnownFileType = sourcecode.swift; path = InstagramApp.swift; sourceTree = "<group>"; };
		9CED1BA22EC5CC030028D893 /* Assets.xcassets */ = {isa = PBXFileReference; lastKnownFileType = folder.assetcatalog; path = Assets.xcassets; sourceTree = "<group>"; };
		9CED1BB62EC5CCE40028D893 /* MainTabView.swift */ = {isa = PBXFileReference; lastKnownFileType = sourcecode.swift; path = MainTabView.swift; sourceTree = "<group>"; };
		9CED1BB82EC5CEF20028D893 /* ProfileView.swift */ = {isa = PBXFileReference; lastKnownFileType = sourcecode.swift; path = ProfileView.swift; sourceTree = "<group>"; };
		9CED1BBB2EC5D4B80028D893 /* UserStatView.swift */ = {isa = PBXFileReference; lastKnownFileType = sourcecode.swift; path = UserStatView.swift; sourceTree = "<group>"; };
		9CED1BBD2EC5E4220028D893 /* FeedView.swift */ = {isa = PBXFileReference; lastKnownFileType = sourcecode.swift; path = FeedView.swift; sourceTree = "<group>"; };
		9CED1BBF2EC5E4300028D893 /* FeedCell.swift */ = {isa = PBXFileReference; lastKnownFileType = sourcecode.swift; path = FeedCell.swift; sourceTree = "<group>"; };
		9CED1BC12EC60B070028D893 /* SearchView.swift */ = {isa = PBXFileReference; lastKnownFileType = sourcecode.swift; path = SearchView.swift; sourceTree = "<group>"; };
		9CED1BC32EC635EA0028D893 /* LoginView.swift */ = {isa = PBXFileReference; lastKnownFileType = sourcecode.swift; path = LoginView.swift; sourceTree = "<group>"; };
		9CED1BC52EC641900028D893 /* AddEmailView.swift */ = {isa = PBXFileReference; lastKnownFileType = sourcecode.swift; path = AddEmailView.swift; sourceTree = "<group>"; };
/* End PBXFileReference section */

/* Begin PBXFrameworksBuildPhase section */
		9CED1B762EC5C4AE0028D893 /* Frameworks */ = {
			isa = PBXFrameworksBuildPhase;
			buildActionMask = 2147483647;
			files = (
				9C5B4F472EC9D62100C7DA95 /* FirebaseAuth in Frameworks */,
				9C5B4F492EC9D62200C7DA95 /* FirebaseFirestore in Frameworks */,
				9C5B4F4B2EC9D62200C7DA95 /* FirebaseStorage in Frameworks */,
			);
			runOnlyForDeploymentPostprocessing = 0;
		};
/* End PBXFrameworksBuildPhase section */

/* Begin PBXGroup section */
		9C5B4F3F2EC9D18900C7DA95 /* Views */ = {
			isa = PBXGroup;
			children = (
				9CED1BC32EC635EA0028D893 /* LoginView.swift */,
				9CED1BC52EC641900028D893 /* AddEmailView.swift */,
				9CE078D22EC785AF00BECA3E /* CreateUsernameView.swift */,
				9CE078D42EC787F400BECA3E /* CreatePasswordView.swift */,
				9CE078D62EC788BE00BECA3E /* CompleteSignUpView.swift */,
			);
			path = Views;
			sourceTree = "<group>";
		};
		9C5B4F402EC9D36E00C7DA95 /* Service */ = {
			isa = PBXGroup;
			children = (
				9C5B4F412EC9D37C00C7DA95 /* AuthService.swift */,
			);
			path = Service;
			sourceTree = "<group>";
		};
		9C5B4F502ECA660500C7DA95 /* View */ = {
			isa = PBXGroup;
			children = (
				9C5B4F4E2ECA65FF00C7DA95 /* ContentView.swift */,
			);
			path = View;
			sourceTree = "<group>";
		};
		9C5B4F512ECA660D00C7DA95 /* ViewModel */ = {
			isa = PBXGroup;
			children = (
				9C5B4F522ECA661B00C7DA95 /* ContentViewModel.swift */,
			);
			path = ViewModel;
			sourceTree = "<group>";
		};
		9C5B4F542ECA694100C7DA95 /* ViewModel */ = {
			isa = PBXGroup;
			children = (
				9C5B4F552ECA695F00C7DA95 /* RegistrationViewModel.swift */,
				9C9AFA9B2ECD9CF500C82507 /* LoginViewModel.swift */,
			);
			path = ViewModel;
			sourceTree = "<group>";
		};
		9CED1B702EC5C4AE0028D893 = {
			isa = PBXGroup;
			children = (
				9CED1BB02EC5CC030028D893 /* Instagram */,
				9CED1B7A2EC5C4AE0028D893 /* Products */,
			);
			sourceTree = "<group>";
		};
		9CED1B7A2EC5C4AE0028D893 /* Products */ = {
			isa = PBXGroup;
			children = (
				9CED1B792EC5C4AE0028D893 /* Instagram.app */,
			);
			name = Products;
			sourceTree = "<group>";
		};
		9CED1BA12EC5CC030028D893 /* Launch */ = {
			isa = PBXGroup;
			children = (
				9CED1BA02EC5CC030028D893 /* InstagramApp.swift */,
				9C5B4F4C2ECA644200C7DA95 /* AppDelegate.swift */,
			);
			path = Launch;
			sourceTree = "<group>";
		};
		9CED1BA32EC5CC030028D893 /* Assets */ = {
			isa = PBXGroup;
			children = (
				9CED1BA22EC5CC030028D893 /* Assets.xcassets */,
			);
			path = Assets;
			sourceTree = "<group>";
		};
		9CED1BA42EC5CC030028D893 /* Resources */ = {
			isa = PBXGroup;
			children = (
				9CED1BA32EC5CC030028D893 /* Assets */,
			);
			path = Resources;
			sourceTree = "<group>";
		};
		9CED1BA52EC5CC030028D893 /* App */ = {
			isa = PBXGroup;
			children = (
				9CED1BA12EC5CC030028D893 /* Launch */,
				9CED1BA42EC5CC030028D893 /* Resources */,
			);
			path = App;
			sourceTree = "<group>";
		};
		9CED1BA62EC5CC030028D893 /* Authentication */ = {
			isa = PBXGroup;
			children = (
				9C5B4F3F2EC9D18900C7DA95 /* Views */,
				9C5B4F542ECA694100C7DA95 /* ViewModel */,
				9C5B4F402EC9D36E00C7DA95 /* Service */,
			);
			path = Authentication;
			sourceTree = "<group>";
		};
		9CED1BA72EC5CC030028D893 /* Feed */ = {
			isa = PBXGroup;
			children = (
				9CED1BBD2EC5E4220028D893 /* FeedView.swift */,
				9CED1BBF2EC5E4300028D893 /* FeedCell.swift */,
			);
			path = Feed;
			sourceTree = "<group>";
		};
		9CED1BA82EC5CC030028D893 /* Profile */ = {
			isa = PBXGroup;
			children = (
				9CED1BB82EC5CEF20028D893 /* ProfileView.swift */,
				9CE078DA2EC78EBE00BECA3E /* CurrentUserProfileView.swift */,
				9C5B4F392EC9BFB400C7DA95 /* ProfileHeaderView.swift */,
			);
			path = Profile;
			sourceTree = "<group>";
		};
		9CED1BA92EC5CC030028D893 /* Root */ = {
			isa = PBXGroup;
			children = (
				9C5B4F502ECA660500C7DA95 /* View */,
				9C5B4F512ECA660D00C7DA95 /* ViewModel */,
			);
			path = Root;
			sourceTree = "<group>";
		};
		9CED1BAA2EC5CC030028D893 /* Search */ = {
			isa = PBXGroup;
			children = (
				9CED1BC12EC60B070028D893 /* SearchView.swift */,
			);
			path = Search;
			sourceTree = "<group>";
		};
		9CED1BAC2EC5CC030028D893 /* Core */ = {
			isa = PBXGroup;
			children = (
				9CED1BA62EC5CC030028D893 /* Authentication */,
				9CED1BBA2EC5D4890028D893 /* Components */,
				9CED1BA72EC5CC030028D893 /* Feed */,
				9CED1BA82EC5CC030028D893 /* Profile */,
				9CED1BA92EC5CC030028D893 /* Root */,
				9CED1BAA2EC5CC030028D893 /* Search */,
				9CED1BB42EC5CC3D0028D893 /* TabBar */,
				9CED1BB52EC5CC4A0028D893 /* UploadPost */,
			);
			path = Core;
			sourceTree = "<group>";
		};
		9CED1BAD2EC5CC030028D893 /* Extensions */ = {
			isa = PBXGroup;
			children = (
			);
			path = Extensions;
			sourceTree = "<group>";
		};
		9CED1BAE2EC5CC030028D893 /* Model */ = {
			isa = PBXGroup;
			children = (
				9CE078D82EC78A7600BECA3E /* User.swift */,
				9C5B4F352EC9B72400C7DA95 /* Post.swift */,
			);
			path = Model;
			sourceTree = "<group>";
		};
		9CED1BAF2EC5CC030028D893 /* Services */ = {
			isa = PBXGroup;
			children = (
			);
			path = Services;
			sourceTree = "<group>";
		};
		9CED1BB02EC5CC030028D893 /* Instagram */ = {
			isa = PBXGroup;
			children = (
				9C5B4F432EC9D54C00C7DA95 /* GoogleService-Info.plist */,
				9CED1BA52EC5CC030028D893 /* App */,
				9CED1BAC2EC5CC030028D893 /* Core */,
				9CED1BAD2EC5CC030028D893 /* Extensions */,
				9CED1BAE2EC5CC030028D893 /* Model */,
				9CED1BAF2EC5CC030028D893 /* Services */,
			);
			path = Instagram;
			sourceTree = "<group>";
		};
		9CED1BB42EC5CC3D0028D893 /* TabBar */ = {
			isa = PBXGroup;
			children = (
				9CED1BB62EC5CCE40028D893 /* MainTabView.swift */,
			);
			path = TabBar;
			sourceTree = "<group>";
		};
		9CED1BB52EC5CC4A0028D893 /* UploadPost */ = {
			isa = PBXGroup;
			children = (
				9C5B4F3B2EC9C08500C7DA95 /* UploadPostView.swift */,
				9C5B4F3D2EC9C5DC00C7DA95 /* UploadPostViewModel.swift */,
			);
			path = UploadPost;
			sourceTree = "<group>";
		};
		9CED1BBA2EC5D4890028D893 /* Components */ = {
			isa = PBXGroup;
			children = (
				9CED1BBB2EC5D4B80028D893 /* UserStatView.swift */,
				9CE078D02EC784DD00BECA3E /* TextFieldModifier.swift */,
				9C5B4F372EC9BE3700C7DA95 /* PostGridView.swift */,
			);
			path = Components;
			sourceTree = "<group>";
		};
/* End PBXGroup section */

/* Begin PBXNativeTarget section */
		9CED1B782EC5C4AE0028D893 /* Instagram */ = {
			isa = PBXNativeTarget;
			buildConfigurationList = 9CED1B842EC5C4B00028D893 /* Build configuration list for PBXNativeTarget "Instagram" */;
			buildPhases = (
				9CED1B752EC5C4AE0028D893 /* Sources */,
				9CED1B762EC5C4AE0028D893 /* Frameworks */,
				9CED1B772EC5C4AE0028D893 /* Resources */,
			);
			buildRules = (
			);
			dependencies = (
			);
			name = Instagram;
			packageProductDependencies = (
				9C5B4F462EC9D62100C7DA95 /* FirebaseAuth */,
				9C5B4F482EC9D62200C7DA95 /* FirebaseFirestore */,
				9C5B4F4A2EC9D62200C7DA95 /* FirebaseStorage */,
			);
			productName = Instagram;
			productReference = 9CED1B792EC5C4AE0028D893 /* Instagram.app */;
			productType = "com.apple.product-type.application";
		};
/* End PBXNativeTarget section */

/* Begin PBXProject section */
		9CED1B712EC5C4AE0028D893 /* Project object */ = {
			isa = PBXProject;
			attributes = {
				BuildIndependentTargetsInParallel = 1;
				LastSwiftUpdateCheck = 2600;
				LastUpgradeCheck = 2600;
				TargetAttributes = {
					9CED1B782EC5C4AE0028D893 = {
						CreatedOnToolsVersion = 26.0;
					};
				};
			};
			buildConfigurationList = 9CED1B742EC5C4AE0028D893 /* Build configuration list for PBXProject "Instagram" */;
			developmentRegion = en;
			hasScannedForEncodings = 0;
			knownRegions = (
				en,
				Base,
			);
			mainGroup = 9CED1B702EC5C4AE0028D893;
			minimizedProjectReferenceProxies = 1;
			packageReferences = (
				9C5B4F452EC9D62100C7DA95 /* XCRemoteSwiftPackageReference "firebase-ios-sdk" */,
			);
			preferredProjectObjectVersion = 77;
			productRefGroup = 9CED1B7A2EC5C4AE0028D893 /* Products */;
			projectDirPath = "";
			projectRoot = "";
			targets = (
				9CED1B782EC5C4AE0028D893 /* Instagram */,
			);
		};
/* End PBXProject section */

/* Begin PBXResourcesBuildPhase section */
		9CED1B772EC5C4AE0028D893 /* Resources */ = {
			isa = PBXResourcesBuildPhase;
			buildActionMask = 2147483647;
			files = (
				9CED1BB32EC5CC030028D893 /* Assets.xcassets in Resources */,
				9C5B4F442EC9D54C00C7DA95 /* GoogleService-Info.plist in Resources */,
			);
			runOnlyForDeploymentPostprocessing = 0;
		};
/* End PBXResourcesBuildPhase section */

/* Begin PBXSourcesBuildPhase section */
		9CED1B752EC5C4AE0028D893 /* Sources */ = {
			isa = PBXSourcesBuildPhase;
			buildActionMask = 2147483647;
			files = (
				9C5B4F4D2ECA644200C7DA95 /* AppDelegate.swift in Sources */,
				9CE078D32EC785AF00BECA3E /* CreateUsernameView.swift in Sources */,
				9CED1BBE2EC5E4220028D893 /* FeedView.swift in Sources */,
				9CE078DB2EC78EBE00BECA3E /* CurrentUserProfileView.swift in Sources */,
				9CED1BB12EC5CC030028D893 /* InstagramApp.swift in Sources */,
				9CE078D72EC788BE00BECA3E /* CompleteSignUpView.swift in Sources */,
				9CED1BB92EC5CEF20028D893 /* ProfileView.swift in Sources */,
				9C5B4F422EC9D37C00C7DA95 /* AuthService.swift in Sources */,
				9C5B4F532ECA661B00C7DA95 /* ContentViewModel.swift in Sources */,
				9CED1BC22EC60B070028D893 /* SearchView.swift in Sources */,
				9CE078D92EC78A7600BECA3E /* User.swift in Sources */,
				9C5B4F3C2EC9C08500C7DA95 /* UploadPostView.swift in Sources */,
				9CED1BB72EC5CCE40028D893 /* MainTabView.swift in Sources */,
				9CED1BBC2EC5D4B80028D893 /* UserStatView.swift in Sources */,
				9CE078D12EC784DD00BECA3E /* TextFieldModifier.swift in Sources */,
				9C5B4F362EC9B72400C7DA95 /* Post.swift in Sources */,
				9C9AFA9C2ECD9CF500C82507 /* LoginViewModel.swift in Sources */,
				9CED1BC62EC641900028D893 /* AddEmailView.swift in Sources */,
				9C5B4F3A2EC9BFB400C7DA95 /* ProfileHeaderView.swift in Sources */,
				9C5B4F4F2ECA65FF00C7DA95 /* ContentView.swift in Sources */,
				9CE078D52EC787F400BECA3E /* CreatePasswordView.swift in Sources */,
				9C5B4F562ECA695F00C7DA95 /* RegistrationViewModel.swift in Sources */,
				9CED1BC42EC635EA0028D893 /* LoginView.swift in Sources */,
				9CED1BC02EC5E4300028D893 /* FeedCell.swift in Sources */,
				9C5B4F382EC9BE3700C7DA95 /* PostGridView.swift in Sources */,
				9C5B4F3E2EC9C5DC00C7DA95 /* UploadPostViewModel.swift in Sources */,
			);
			runOnlyForDeploymentPostprocessing = 0;
		};
/* End PBXSourcesBuildPhase section */

/* Begin XCBuildConfiguration section */
		9CED1B822EC5C4B00028D893 /* Debug */ = {
			isa = XCBuildConfiguration;
			buildSettings = {
				ALWAYS_SEARCH_USER_PATHS = NO;
				ASSETCATALOG_COMPILER_GENERATE_SWIFT_ASSET_SYMBOL_EXTENSIONS = YES;
				CLANG_ANALYZER_NONNULL = YES;
				CLANG_ANALYZER_NUMBER_OBJECT_CONVERSION = YES_AGGRESSIVE;
				CLANG_CXX_LANGUAGE_STANDARD = "gnu++20";
				CLANG_ENABLE_MODULES = YES;
				CLANG_ENABLE_OBJC_ARC = YES;
				CLANG_ENABLE_OBJC_WEAK = YES;
				CLANG_WARN_BLOCK_CAPTURE_AUTORELEASING = YES;
				CLANG_WARN_BOOL_CONVERSION = YES;
				CLANG_WARN_COMMA = YES;
				CLANG_WARN_CONSTANT_CONVERSION = YES;
				CLANG_WARN_DEPRECATED_OBJC_IMPLEMENTATIONS = YES;
				CLANG_WARN_DIRECT_OBJC_ISA_USAGE = YES_ERROR;
				CLANG_WARN_DOCUMENTATION_COMMENTS = YES;
				CLANG_WARN_EMPTY_BODY = YES;
				CLANG_WARN_ENUM_CONVERSION = YES;
				CLANG_WARN_INFINITE_RECURSION = YES;
				CLANG_WARN_INT_CONVERSION = YES;
				CLANG_WARN_NON_LITERAL_NULL_CONVERSION = YES;
				CLANG_WARN_OBJC_IMPLICIT_RETAIN_SELF = YES;
				CLANG_WARN_OBJC_LITERAL_CONVERSION = YES;
				CLANG_WARN_OBJC_ROOT_CLASS = YES_ERROR;
				CLANG_WARN_QUOTED_INCLUDE_IN_FRAMEWORK_HEADER = YES;
				CLANG_WARN_RANGE_LOOP_ANALYSIS = YES;
				CLANG_WARN_STRICT_PROTOTYPES = YES;
				CLANG_WARN_SUSPICIOUS_MOVE = YES;
				CLANG_WARN_UNGUARDED_AVAILABILITY = YES_AGGRESSIVE;
				CLANG_WARN_UNREACHABLE_CODE = YES;
				CLANG_WARN__DUPLICATE_METHOD_MATCH = YES;
				COPY_PHASE_STRIP = NO;
				DEBUG_INFORMATION_FORMAT = dwarf;
				DEVELOPMENT_TEAM = DF64KYMZFL;
				ENABLE_STRICT_OBJC_MSGSEND = YES;
				ENABLE_TESTABILITY = YES;
				ENABLE_USER_SCRIPT_SANDBOXING = YES;
				GCC_C_LANGUAGE_STANDARD = gnu17;
				GCC_DYNAMIC_NO_PIC = NO;
				GCC_NO_COMMON_BLOCKS = YES;
				GCC_OPTIMIZATION_LEVEL = 0;
				GCC_PREPROCESSOR_DEFINITIONS = (
					"DEBUG=1",
					"$(inherited)",
				);
				GCC_WARN_64_TO_32_BIT_CONVERSION = YES;
				GCC_WARN_ABOUT_RETURN_TYPE = YES_ERROR;
				GCC_WARN_UNDECLARED_SELECTOR = YES;
				GCC_WARN_UNINITIALIZED_AUTOS = YES_AGGRESSIVE;
				GCC_WARN_UNUSED_FUNCTION = YES;
				GCC_WARN_UNUSED_VARIABLE = YES;
				IPHONEOS_DEPLOYMENT_TARGET = 26.0;
				LOCALIZATION_PREFERS_STRING_CATALOGS = YES;
				MTL_ENABLE_DEBUG_INFO = INCLUDE_SOURCE;
				MTL_FAST_MATH = YES;
				ONLY_ACTIVE_ARCH = YES;
				SDKROOT = iphoneos;
				SWIFT_ACTIVE_COMPILATION_CONDITIONS = "DEBUG $(inherited)";
				SWIFT_OPTIMIZATION_LEVEL = "-Onone";
			};
			name = Debug;
		};
		9CED1B832EC5C4B00028D893 /* Release */ = {
			isa = XCBuildConfiguration;
			buildSettings = {
				ALWAYS_SEARCH_USER_PATHS = NO;
				ASSETCATALOG_COMPILER_GENERATE_SWIFT_ASSET_SYMBOL_EXTENSIONS = YES;
				CLANG_ANALYZER_NONNULL = YES;
				CLANG_ANALYZER_NUMBER_OBJECT_CONVERSION = YES_AGGRESSIVE;
				CLANG_CXX_LANGUAGE_STANDARD = "gnu++20";
				CLANG_ENABLE_MODULES = YES;
				CLANG_ENABLE_OBJC_ARC = YES;
				CLANG_ENABLE_OBJC_WEAK = YES;
				CLANG_WARN_BLOCK_CAPTURE_AUTORELEASING = YES;
				CLANG_WARN_BOOL_CONVERSION = YES;
				CLANG_WARN_COMMA = YES;
				CLANG_WARN_CONSTANT_CONVERSION = YES;
				CLANG_WARN_DEPRECATED_OBJC_IMPLEMENTATIONS = YES;
				CLANG_WARN_DIRECT_OBJC_ISA_USAGE = YES_ERROR;
				CLANG_WARN_DOCUMENTATION_COMMENTS = YES;
				CLANG_WARN_EMPTY_BODY = YES;
				CLANG_WARN_ENUM_CONVERSION = YES;
				CLANG_WARN_INFINITE_RECURSION = YES;
				CLANG_WARN_INT_CONVERSION = YES;
				CLANG_WARN_NON_LITERAL_NULL_CONVERSION = YES;
				CLANG_WARN_OBJC_IMPLICIT_RETAIN_SELF = YES;
				CLANG_WARN_OBJC_LITERAL_CONVERSION = YES;
				CLANG_WARN_OBJC_ROOT_CLASS = YES_ERROR;
				CLANG_WARN_QUOTED_INCLUDE_IN_FRAMEWORK_HEADER = YES;
				CLANG_WARN_RANGE_LOOP_ANALYSIS = YES;
				CLANG_WARN_STRICT_PROTOTYPES = YES;
				CLANG_WARN_SUSPICIOUS_MOVE = YES;
				CLANG_WARN_UNGUARDED_AVAILABILITY = YES_AGGRESSIVE;
				CLANG_WARN_UNREACHABLE_CODE = YES;
				CLANG_WARN__DUPLICATE_METHOD_MATCH = YES;
				COPY_PHASE_STRIP = NO;
				DEBUG_INFORMATION_FORMAT = "dwarf-with-dsym";
				DEVELOPMENT_TEAM = DF64KYMZFL;
				ENABLE_NS_ASSERTIONS = NO;
				ENABLE_STRICT_OBJC_MSGSEND = YES;
				ENABLE_USER_SCRIPT_SANDBOXING = YES;
				GCC_C_LANGUAGE_STANDARD = gnu17;
				GCC_NO_COMMON_BLOCKS = YES;
				GCC_WARN_64_TO_32_BIT_CONVERSION = YES;
				GCC_WARN_ABOUT_RETURN_TYPE = YES_ERROR;
				GCC_WARN_UNDECLARED_SELECTOR = YES;
				GCC_WARN_UNINITIALIZED_AUTOS = YES_AGGRESSIVE;
				GCC_WARN_UNUSED_FUNCTION = YES;
				GCC_WARN_UNUSED_VARIABLE = YES;
				IPHONEOS_DEPLOYMENT_TARGET = 26.0;
				LOCALIZATION_PREFERS_STRING_CATALOGS = YES;
				MTL_ENABLE_DEBUG_INFO = NO;
				MTL_FAST_MATH = YES;
				SDKROOT = iphoneos;
				SWIFT_COMPILATION_MODE = wholemodule;
				VALIDATE_PRODUCT = YES;
			};
			name = Release;
		};
		9CED1B852EC5C4B00028D893 /* Debug */ = {
			isa = XCBuildConfiguration;
			buildSettings = {
				ASSETCATALOG_COMPILER_APPICON_NAME = AppIcon;
				ASSETCATALOG_COMPILER_GLOBAL_ACCENT_COLOR_NAME = AccentColor;
				CODE_SIGN_STYLE = Automatic;
				CURRENT_PROJECT_VERSION = 1;
				DEVELOPMENT_TEAM = DF64KYMZFL;
				ENABLE_PREVIEWS = YES;
				GENERATE_INFOPLIST_FILE = YES;
				INFOPLIST_KEY_UIApplicationSceneManifest_Generation = YES;
				INFOPLIST_KEY_UIApplicationSupportsIndirectInputEvents = YES;
				INFOPLIST_KEY_UILaunchScreen_Generation = YES;
				INFOPLIST_KEY_UISupportedInterfaceOrientations_iPad = "UIInterfaceOrientationPortrait UIInterfaceOrientationPortraitUpsideDown UIInterfaceOrientationLandscapeLeft UIInterfaceOrientationLandscapeRight";
				INFOPLIST_KEY_UISupportedInterfaceOrientations_iPhone = "UIInterfaceOrientationPortrait UIInterfaceOrientationLandscapeLeft UIInterfaceOrientationLandscapeRight";
				LD_RUNPATH_SEARCH_PATHS = (
					"$(inherited)",
					"@executable_path/Frameworks",
				);
				MARKETING_VERSION = 1.0;
				PRODUCT_BUNDLE_IDENTIFIER = com.vahanmuradyan.Instagram;
				PRODUCT_NAME = "$(TARGET_NAME)";
				STRING_CATALOG_GENERATE_SYMBOLS = YES;
				SWIFT_APPROACHABLE_CONCURRENCY = YES;
				SWIFT_DEFAULT_ACTOR_ISOLATION = MainActor;
				SWIFT_EMIT_LOC_STRINGS = YES;
				SWIFT_UPCOMING_FEATURE_MEMBER_IMPORT_VISIBILITY = YES;
				SWIFT_VERSION = 5.0;
				TARGETED_DEVICE_FAMILY = "1,2";
			};
			name = Debug;
		};
		9CED1B862EC5C4B00028D893 /* Release */ = {
			isa = XCBuildConfiguration;
			buildSettings = {
				ASSETCATALOG_COMPILER_APPICON_NAME = AppIcon;
				ASSETCATALOG_COMPILER_GLOBAL_ACCENT_COLOR_NAME = AccentColor;
				CODE_SIGN_STYLE = Automatic;
				CURRENT_PROJECT_VERSION = 1;
				DEVELOPMENT_TEAM = DF64KYMZFL;
				ENABLE_PREVIEWS = YES;
				GENERATE_INFOPLIST_FILE = YES;
				INFOPLIST_KEY_UIApplicationSceneManifest_Generation = YES;
				INFOPLIST_KEY_UIApplicationSupportsIndirectInputEvents = YES;
				INFOPLIST_KEY_UILaunchScreen_Generation = YES;
				INFOPLIST_KEY_UISupportedInterfaceOrientations_iPad = "UIInterfaceOrientationPortrait UIInterfaceOrientationPortraitUpsideDown UIInterfaceOrientationLandscapeLeft UIInterfaceOrientationLandscapeRight";
				INFOPLIST_KEY_UISupportedInterfaceOrientations_iPhone = "UIInterfaceOrientationPortrait UIInterfaceOrientationLandscapeLeft UIInterfaceOrientationLandscapeRight";
				LD_RUNPATH_SEARCH_PATHS = (
					"$(inherited)",
					"@executable_path/Frameworks",
				);
				MARKETING_VERSION = 1.0;
				PRODUCT_BUNDLE_IDENTIFIER = com.vahanmuradyan.Instagram;
				PRODUCT_NAME = "$(TARGET_NAME)";
				STRING_CATALOG_GENERATE_SYMBOLS = YES;
				SWIFT_APPROACHABLE_CONCURRENCY = YES;
				SWIFT_DEFAULT_ACTOR_ISOLATION = MainActor;
				SWIFT_EMIT_LOC_STRINGS = YES;
				SWIFT_UPCOMING_FEATURE_MEMBER_IMPORT_VISIBILITY = YES;
				SWIFT_VERSION = 5.0;
				TARGETED_DEVICE_FAMILY = "1,2";
			};
			name = Release;
		};
/* End XCBuildConfiguration section */

/* Begin XCConfigurationList section */
		9CED1B742EC5C4AE0028D893 /* Build configuration list for PBXProject "Instagram" */ = {
			isa = XCConfigurationList;
			buildConfigurations = (
				9CED1B822EC5C4B00028D893 /* Debug */,
				9CED1B832EC5C4B00028D893 /* Release */,
			);
			defaultConfigurationIsVisible = 0;
			defaultConfigurationName = Release;
		};
		9CED1B842EC5C4B00028D893 /* Build configuration list for PBXNativeTarget "Instagram" */ = {
			isa = XCConfigurationList;
			buildConfigurations = (
				9CED1B852EC5C4B00028D893 /* Debug */,
				9CED1B862EC5C4B00028D893 /* Release */,
			);
			defaultConfigurationIsVisible = 0;
			defaultConfigurationName = Release;
		};
/* End XCConfigurationList section */

/* Begin XCRemoteSwiftPackageReference section */
		9C5B4F452EC9D62100C7DA95 /* XCRemoteSwiftPackageReference "firebase-ios-sdk" */ = {
			isa = XCRemoteSwiftPackageReference;
			repositoryURL = "https://github.com/firebase/firebase-ios-sdk.git";
			requirement = {
				kind = upToNextMajorVersion;
				minimumVersion = 12.6.0;
			};
		};
/* End XCRemoteSwiftPackageReference section */

/* Begin XCSwiftPackageProductDependency section */
		9C5B4F462EC9D62100C7DA95 /* FirebaseAuth */ = {
			isa = XCSwiftPackageProductDependency;
			package = 9C5B4F452EC9D62100C7DA95 /* XCRemoteSwiftPackageReference "firebase-ios-sdk" */;
			productName = FirebaseAuth;
		};
		9C5B4F482EC9D62200C7DA95 /* FirebaseFirestore */ = {
			isa = XCSwiftPackageProductDependency;
			package = 9C5B4F452EC9D62100C7DA95 /* XCRemoteSwiftPackageReference "firebase-ios-sdk" */;
			productName = FirebaseFirestore;
		};
		9C5B4F4A2EC9D62200C7DA95 /* FirebaseStorage */ = {
			isa = XCSwiftPackageProductDependency;
			package = 9C5B4F452EC9D62100C7DA95 /* XCRemoteSwiftPackageReference "firebase-ios-sdk" */;
			productName = FirebaseStorage;
		};
/* End XCSwiftPackageProductDependency section */
	};
	rootObject = 9CED1B712EC5C4AE0028D893 /* Project object */;
}
